# THIS IS AN AUTOGENERATED FILE. DO NOT EDIT THIS FILE DIRECTLY.
# yarn lockfile v1


pi-camera-connect@^0.3.4:
  version "0.3.4"
  resolved "https://registry.yarnpkg.com/pi-camera-connect/-/pi-camera-connect-0.3.4.tgz#a7d5e993997f3b63e9f36b25870a6239c63f358a"
  integrity sha512-0mVOJXYY8CvAuswWXs3OnL2+pOczjuLGHca+Q479mbOC+eS6wjMameTA66B0q5KVtTAB6YplS7/Q4rieojGEVg==
